// !$*UTF8*$!
{
	archiveVersion = 1;
	classes = {
	};
	objectVersion = 56;
	objects = {

/* Begin PBXBuildFile section */
		F45EA9372A66DAF90002D6B9 /* Int+extension.swift in Sources */ = {isa = PBXBuildFile; fileRef = F45EA9362A66DAF90002D6B9 /* Int+extension.swift */; };
		F46C74472A6A16B100F3874A /* Settings.swift in Sources */ = {isa = PBXBuildFile; fileRef = F46C74462A6A16B100F3874A /* Settings.swift */; };
		F48AA25B2A61D72E003F7BDE /* All_inApp.swift in Sources */ = {isa = PBXBuildFile; fileRef = F48AA25A2A61D72E003F7BDE /* All_inApp.swift */; };
		F48AA25D2A61D72E003F7BDE /* ContentView.swift in Sources */ = {isa = PBXBuildFile; fileRef = F48AA25C2A61D72E003F7BDE /* ContentView.swift */; };
		F48AA25F2A61D730003F7BDE /* Assets.xcassets in Resources */ = {isa = PBXBuildFile; fileRef = F48AA25E2A61D730003F7BDE /* Assets.xcassets */; };
		F48AA2622A61D730003F7BDE /* Preview Assets.xcassets in Resources */ = {isa = PBXBuildFile; fileRef = F48AA2612A61D730003F7BDE /* Preview Assets.xcassets */; };
		F492A1E02A6F1A3B001D826D /* SimpleToast in Frameworks */ = {isa = PBXBuildFile; productRef = F492A1DF2A6F1A3B001D826D /* SimpleToast */; };
		F4E86DBB2A61DBA500B2E940 /* Color+extension.swift in Sources */ = {isa = PBXBuildFile; fileRef = F4E86DBA2A61DBA500B2E940 /* Color+extension.swift */; };
		F4E86DC02A61DDC100B2E940 /* AvenirNextLTPro-It.otf in Resources */ = {isa = PBXBuildFile; fileRef = F4E86DBD2A61DDC100B2E940 /* AvenirNextLTPro-It.otf */; };
		F4E86DC12A61DDC100B2E940 /* AvenirNextLTPro-Regular.otf in Resources */ = {isa = PBXBuildFile; fileRef = F4E86DBE2A61DDC100B2E940 /* AvenirNextLTPro-Regular.otf */; };
		F4E86DC22A61DDC100B2E940 /* AvenirNextLTPro-Bold.otf in Resources */ = {isa = PBXBuildFile; fileRef = F4E86DBF2A61DDC100B2E940 /* AvenirNextLTPro-Bold.otf */; };
		F4FFBF582A68724000311107 /* TimerView.swift in Sources */ = {isa = PBXBuildFile; fileRef = F4FFBF572A68724000311107 /* TimerView.swift */; };
		F4FFBF5B2A687ECB00311107 /* SettingsView.swift in Sources */ = {isa = PBXBuildFile; fileRef = F4FFBF5A2A687ECB00311107 /* SettingsView.swift */; };
		F4FFBF5D2A6880EF00311107 /* UITabBarController+extension.swift in Sources */ = {isa = PBXBuildFile; fileRef = F4FFBF5C2A6880EF00311107 /* UITabBarController+extension.swift */; };
		F4FFBF632A697E9B00311107 /* Dropdown.swift in Sources */ = {isa = PBXBuildFile; fileRef = F4FFBF622A697E9B00311107 /* Dropdown.swift */; };
		F4FFBF652A69F91A00311107 /* RoundedCorner.swift in Sources */ = {isa = PBXBuildFile; fileRef = F4FFBF642A69F91A00311107 /* RoundedCorner.swift */; };
		F4FFBF672A69F93800311107 /* View+extension.swift in Sources */ = {isa = PBXBuildFile; fileRef = F4FFBF662A69F93800311107 /* View+extension.swift */; };
/* End PBXBuildFile section */

/* Begin PBXFileReference section */
		F45EA9362A66DAF90002D6B9 /* Int+extension.swift */ = {isa = PBXFileReference; lastKnownFileType = sourcecode.swift; path = "Int+extension.swift"; sourceTree = "<group>"; };
		F46C74462A6A16B100F3874A /* Settings.swift */ = {isa = PBXFileReference; lastKnownFileType = sourcecode.swift; path = Settings.swift; sourceTree = "<group>"; };
		F48AA2572A61D72E003F7BDE /* All-in.app */ = {isa = PBXFileReference; explicitFileType = wrapper.application; includeInIndex = 0; path = "All-in.app"; sourceTree = BUILT_PRODUCTS_DIR; };
		F48AA25A2A61D72E003F7BDE /* All_inApp.swift */ = {isa = PBXFileReference; lastKnownFileType = sourcecode.swift; path = All_inApp.swift; sourceTree = "<group>"; };
		F48AA25C2A61D72E003F7BDE /* ContentView.swift */ = {isa = PBXFileReference; lastKnownFileType = sourcecode.swift; path = ContentView.swift; sourceTree = "<group>"; };
		F48AA25E2A61D730003F7BDE /* Assets.xcassets */ = {isa = PBXFileReference; lastKnownFileType = folder.assetcatalog; path = Assets.xcassets; sourceTree = "<group>"; };
		F48AA2612A61D730003F7BDE /* Preview Assets.xcassets */ = {isa = PBXFileReference; lastKnownFileType = folder.assetcatalog; path = "Preview Assets.xcassets"; sourceTree = "<group>"; };
		F4E86DBA2A61DBA500B2E940 /* Color+extension.swift */ = {isa = PBXFileReference; lastKnownFileType = sourcecode.swift; path = "Color+extension.swift"; sourceTree = "<group>"; };
		F4E86DBD2A61DDC100B2E940 /* AvenirNextLTPro-It.otf */ = {isa = PBXFileReference; lastKnownFileType = file; path = "AvenirNextLTPro-It.otf"; sourceTree = "<group>"; };
		F4E86DBE2A61DDC100B2E940 /* AvenirNextLTPro-Regular.otf */ = {isa = PBXFileReference; lastKnownFileType = file; path = "AvenirNextLTPro-Regular.otf"; sourceTree = "<group>"; };
		F4E86DBF2A61DDC100B2E940 /* AvenirNextLTPro-Bold.otf */ = {isa = PBXFileReference; lastKnownFileType = file; path = "AvenirNextLTPro-Bold.otf"; sourceTree = "<group>"; };
		F4E86DC32A61DEF900B2E940 /* Info.plist */ = {isa = PBXFileReference; lastKnownFileType = text.plist.xml; path = Info.plist; sourceTree = "<group>"; };
		F4FFBF572A68724000311107 /* TimerView.swift */ = {isa = PBXFileReference; lastKnownFileType = sourcecode.swift; path = TimerView.swift; sourceTree = "<group>"; };
		F4FFBF5A2A687ECB00311107 /* SettingsView.swift */ = {isa = PBXFileReference; lastKnownFileType = sourcecode.swift; path = SettingsView.swift; sourceTree = "<group>"; };
		F4FFBF5C2A6880EF00311107 /* UITabBarController+extension.swift */ = {isa = PBXFileReference; lastKnownFileType = sourcecode.swift; path = "UITabBarController+extension.swift"; sourceTree = "<group>"; };
		F4FFBF622A697E9B00311107 /* Dropdown.swift */ = {isa = PBXFileReference; lastKnownFileType = sourcecode.swift; path = Dropdown.swift; sourceTree = "<group>"; };
		F4FFBF642A69F91A00311107 /* RoundedCorner.swift */ = {isa = PBXFileReference; lastKnownFileType = sourcecode.swift; path = RoundedCorner.swift; sourceTree = "<group>"; };
		F4FFBF662A69F93800311107 /* View+extension.swift */ = {isa = PBXFileReference; lastKnownFileType = sourcecode.swift; path = "View+extension.swift"; sourceTree = "<group>"; };
/* End PBXFileReference section */

/* Begin PBXFrameworksBuildPhase section */
		F48AA2542A61D72E003F7BDE /* Frameworks */ = {
			isa = PBXFrameworksBuildPhase;
			buildActionMask = 2147483647;
			files = (
				F492A1E02A6F1A3B001D826D /* SimpleToast in Frameworks */,
			);
			runOnlyForDeploymentPostprocessing = 0;
		};
/* End PBXFrameworksBuildPhase section */

/* Begin PBXGroup section */
		F46C74452A6A169F00F3874A /* Model */ = {
			isa = PBXGroup;
			children = (
				F46C74462A6A16B100F3874A /* Settings.swift */,
			);
			name = Model;
			sourceTree = "<group>";
		};
		F48AA24E2A61D72E003F7BDE = {
			isa = PBXGroup;
			children = (
				F48AA2592A61D72E003F7BDE /* All-in */,
				F48AA2582A61D72E003F7BDE /* Products */,
			);
			sourceTree = "<group>";
		};
		F48AA2582A61D72E003F7BDE /* Products */ = {
			isa = PBXGroup;
			children = (
				F48AA2572A61D72E003F7BDE /* All-in.app */,
			);
			name = Products;
			sourceTree = "<group>";
		};
		F48AA2592A61D72E003F7BDE /* All-in */ = {
			isa = PBXGroup;
			children = (
				F46C74452A6A169F00F3874A /* Model */,
				F4FFBF532A6871F600311107 /* View */,
				F4E86DBC2A61DDA600B2E940 /* Fonts */,
				F4E86DC32A61DEF900B2E940 /* Info.plist */,
				F48AA25A2A61D72E003F7BDE /* All_inApp.swift */,
				F48AA25C2A61D72E003F7BDE /* ContentView.swift */,
				F4E86DB92A61DB8B00B2E940 /* Extensions */,
				F48AA25E2A61D730003F7BDE /* Assets.xcassets */,
				F48AA2602A61D730003F7BDE /* Preview Content */,
			);
			path = "All-in";
			sourceTree = "<group>";
		};
		F48AA2602A61D730003F7BDE /* Preview Content */ = {
			isa = PBXGroup;
			children = (
				F48AA2612A61D730003F7BDE /* Preview Assets.xcassets */,
			);
			path = "Preview Content";
			sourceTree = "<group>";
		};
		F4E86DB92A61DB8B00B2E940 /* Extensions */ = {
			isa = PBXGroup;
			children = (
				F4E86DBA2A61DBA500B2E940 /* Color+extension.swift */,
				F45EA9362A66DAF90002D6B9 /* Int+extension.swift */,
				F4FFBF5C2A6880EF00311107 /* UITabBarController+extension.swift */,
				F4FFBF662A69F93800311107 /* View+extension.swift */,
			);
			path = Extensions;
			sourceTree = "<group>";
		};
		F4E86DBC2A61DDA600B2E940 /* Fonts */ = {
			isa = PBXGroup;
			children = (
				F4E86DBF2A61DDC100B2E940 /* AvenirNextLTPro-Bold.otf */,
				F4E86DBD2A61DDC100B2E940 /* AvenirNextLTPro-It.otf */,
				F4E86DBE2A61DDC100B2E940 /* AvenirNextLTPro-Regular.otf */,
			);
			path = Fonts;
			sourceTree = "<group>";
		};
		F4FFBF532A6871F600311107 /* View */ = {
			isa = PBXGroup;
			children = (
				F4FFBF612A697E8400311107 /* Shared */,
				F4FFBF542A6871FE00311107 /* Screen */,
			);
			name = View;
			sourceTree = "<group>";
		};
		F4FFBF542A6871FE00311107 /* Screen */ = {
			isa = PBXGroup;
			children = (
				F4FFBF592A687EB700311107 /* Settings */,
				F4FFBF552A68721F00311107 /* Timer */,
			);
			name = Screen;
			sourceTree = "<group>";
		};
		F4FFBF552A68721F00311107 /* Timer */ = {
			isa = PBXGroup;
			children = (
				F4FFBF572A68724000311107 /* TimerView.swift */,
			);
			name = Timer;
			sourceTree = "<group>";
		};
		F4FFBF592A687EB700311107 /* Settings */ = {
			isa = PBXGroup;
			children = (
				F4FFBF5A2A687ECB00311107 /* SettingsView.swift */,
			);
			name = Settings;
			sourceTree = "<group>";
		};
		F4FFBF612A697E8400311107 /* Shared */ = {
			isa = PBXGroup;
			children = (
				F4FFBF622A697E9B00311107 /* Dropdown.swift */,
				F4FFBF642A69F91A00311107 /* RoundedCorner.swift */,
			);
			name = Shared;
			sourceTree = "<group>";
		};
/* End PBXGroup section */

/* Begin PBXNativeTarget section */
		F48AA2562A61D72E003F7BDE /* All-in */ = {
			isa = PBXNativeTarget;
			buildConfigurationList = F48AA2652A61D730003F7BDE /* Build configuration list for PBXNativeTarget "All-in" */;
			buildPhases = (
				F48AA2532A61D72E003F7BDE /* Sources */,
				F48AA2542A61D72E003F7BDE /* Frameworks */,
				F48AA2552A61D72E003F7BDE /* Resources */,
			);
			buildRules = (
			);
			dependencies = (
			);
			name = "All-in";
			packageProductDependencies = (
				F492A1DF2A6F1A3B001D826D /* SimpleToast */,
			);
			productName = "All-in";
			productReference = F48AA2572A61D72E003F7BDE /* All-in.app */;
			productType = "com.apple.product-type.application";
		};
/* End PBXNativeTarget section */

/* Begin PBXProject section */
		F48AA24F2A61D72E003F7BDE /* Project object */ = {
			isa = PBXProject;
			attributes = {
				BuildIndependentTargetsInParallel = 1;
				LastSwiftUpdateCheck = 1430;
				LastUpgradeCheck = 1430;
				TargetAttributes = {
					F48AA2562A61D72E003F7BDE = {
						CreatedOnToolsVersion = 14.3.1;
					};
				};
			};
			buildConfigurationList = F48AA2522A61D72E003F7BDE /* Build configuration list for PBXProject "All-in" */;
			compatibilityVersion = "Xcode 14.0";
			developmentRegion = en;
			hasScannedForEncodings = 0;
			knownRegions = (
				en,
				Base,
			);
			mainGroup = F48AA24E2A61D72E003F7BDE;
			packageReferences = (
				F492A1DE2A6F1A3B001D826D /* XCRemoteSwiftPackageReference "SimpleToast" */,
			);
			productRefGroup = F48AA2582A61D72E003F7BDE /* Products */;
			projectDirPath = "";
			projectRoot = "";
			targets = (
				F48AA2562A61D72E003F7BDE /* All-in */,
			);
		};
/* End PBXProject section */

/* Begin PBXResourcesBuildPhase section */
		F48AA2552A61D72E003F7BDE /* Resources */ = {
			isa = PBXResourcesBuildPhase;
			buildActionMask = 2147483647;
			files = (
				F48AA2622A61D730003F7BDE /* Preview Assets.xcassets in Resources */,
				F48AA25F2A61D730003F7BDE /* Assets.xcassets in Resources */,
				F4E86DC12A61DDC100B2E940 /* AvenirNextLTPro-Regular.otf in Resources */,
				F4E86DC22A61DDC100B2E940 /* AvenirNextLTPro-Bold.otf in Resources */,
				F4E86DC02A61DDC100B2E940 /* AvenirNextLTPro-It.otf in Resources */,
			);
			runOnlyForDeploymentPostprocessing = 0;
		};
/* End PBXResourcesBuildPhase section */

/* Begin PBXSourcesBuildPhase section */
		F48AA2532A61D72E003F7BDE /* Sources */ = {
			isa = PBXSourcesBuildPhase;
			buildActionMask = 2147483647;
			files = (
				F4FFBF582A68724000311107 /* TimerView.swift in Sources */,
				F4FFBF632A697E9B00311107 /* Dropdown.swift in Sources */,
				F4FFBF652A69F91A00311107 /* RoundedCorner.swift in Sources */,
				F48AA25D2A61D72E003F7BDE /* ContentView.swift in Sources */,
				F45EA9372A66DAF90002D6B9 /* Int+extension.swift in Sources */,
				F4FFBF5B2A687ECB00311107 /* SettingsView.swift in Sources */,
				F4FFBF672A69F93800311107 /* View+extension.swift in Sources */,
				F4E86DBB2A61DBA500B2E940 /* Color+extension.swift in Sources */,
				F48AA25B2A61D72E003F7BDE /* All_inApp.swift in Sources */,
				F46C74472A6A16B100F3874A /* Settings.swift in Sources */,
				F4FFBF5D2A6880EF00311107 /* UITabBarController+extension.swift in Sources */,
			);
			runOnlyForDeploymentPostprocessing = 0;
		};
/* End PBXSourcesBuildPhase section */

/* Begin XCBuildConfiguration section */
		F48AA2632A61D730003F7BDE /* Debug */ = {
			isa = XCBuildConfiguration;
			buildSettings = {
				ALWAYS_SEARCH_USER_PATHS = NO;
				CLANG_ANALYZER_NONNULL = YES;
				CLANG_ANALYZER_NUMBER_OBJECT_CONVERSION = YES_AGGRESSIVE;
				CLANG_CXX_LANGUAGE_STANDARD = "gnu++20";
				CLANG_ENABLE_MODULES = YES;
				CLANG_ENABLE_OBJC_ARC = YES;
				CLANG_ENABLE_OBJC_WEAK = YES;
				CLANG_WARN_BLOCK_CAPTURE_AUTORELEASING = YES;
				CLANG_WARN_BOOL_CONVERSION = YES;
				CLANG_WARN_COMMA = YES;
				CLANG_WARN_CONSTANT_CONVERSION = YES;
				CLANG_WARN_DEPRECATED_OBJC_IMPLEMENTATIONS = YES;
				CLANG_WARN_DIRECT_OBJC_ISA_USAGE = YES_ERROR;
				CLANG_WARN_DOCUMENTATION_COMMENTS = YES;
				CLANG_WARN_EMPTY_BODY = YES;
				CLANG_WARN_ENUM_CONVERSION = YES;
				CLANG_WARN_INFINITE_RECURSION = YES;
				CLANG_WARN_INT_CONVERSION = YES;
				CLANG_WARN_NON_LITERAL_NULL_CONVERSION = YES;
				CLANG_WARN_OBJC_IMPLICIT_RETAIN_SELF = YES;
				CLANG_WARN_OBJC_LITERAL_CONVERSION = YES;
				CLANG_WARN_OBJC_ROOT_CLASS = YES_ERROR;
				CLANG_WARN_QUOTED_INCLUDE_IN_FRAMEWORK_HEADER = YES;
				CLANG_WARN_RANGE_LOOP_ANALYSIS = YES;
				CLANG_WARN_STRICT_PROTOTYPES = YES;
				CLANG_WARN_SUSPICIOUS_MOVE = YES;
				CLANG_WARN_UNGUARDED_AVAILABILITY = YES_AGGRESSIVE;
				CLANG_WARN_UNREACHABLE_CODE = YES;
				CLANG_WARN__DUPLICATE_METHOD_MATCH = YES;
				COPY_PHASE_STRIP = NO;
				DEBUG_INFORMATION_FORMAT = dwarf;
				ENABLE_STRICT_OBJC_MSGSEND = YES;
				ENABLE_TESTABILITY = YES;
				GCC_C_LANGUAGE_STANDARD = gnu11;
				GCC_DYNAMIC_NO_PIC = NO;
				GCC_NO_COMMON_BLOCKS = YES;
				GCC_OPTIMIZATION_LEVEL = 0;
				GCC_PREPROCESSOR_DEFINITIONS = (
					"DEBUG=1",
					"$(inherited)",
				);
				GCC_WARN_64_TO_32_BIT_CONVERSION = YES;
				GCC_WARN_ABOUT_RETURN_TYPE = YES_ERROR;
				GCC_WARN_UNDECLARED_SELECTOR = YES;
				GCC_WARN_UNINITIALIZED_AUTOS = YES_AGGRESSIVE;
				GCC_WARN_UNUSED_FUNCTION = YES;
				GCC_WARN_UNUSED_VARIABLE = YES;
				IPHONEOS_DEPLOYMENT_TARGET = 16.4;
				MTL_ENABLE_DEBUG_INFO = INCLUDE_SOURCE;
				MTL_FAST_MATH = YES;
				ONLY_ACTIVE_ARCH = YES;
				SDKROOT = iphoneos;
				SWIFT_ACTIVE_COMPILATION_CONDITIONS = DEBUG;
				SWIFT_OPTIMIZATION_LEVEL = "-Onone";
			};
			name = Debug;
		};
		F48AA2642A61D730003F7BDE /* Release */ = {
			isa = XCBuildConfiguration;
			buildSettings = {
				ALWAYS_SEARCH_USER_PATHS = NO;
				CLANG_ANALYZER_NONNULL = YES;
				CLANG_ANALYZER_NUMBER_OBJECT_CONVERSION = YES_AGGRESSIVE;
				CLANG_CXX_LANGUAGE_STANDARD = "gnu++20";
				CLANG_ENABLE_MODULES = YES;
				CLANG_ENABLE_OBJC_ARC = YES;
				CLANG_ENABLE_OBJC_WEAK = YES;
				CLANG_WARN_BLOCK_CAPTURE_AUTORELEASING = YES;
				CLANG_WARN_BOOL_CONVERSION = YES;
				CLANG_WARN_COMMA = YES;
				CLANG_WARN_CONSTANT_CONVERSION = YES;
				CLANG_WARN_DEPRECATED_OBJC_IMPLEMENTATIONS = YES;
				CLANG_WARN_DIRECT_OBJC_ISA_USAGE = YES_ERROR;
				CLANG_WARN_DOCUMENTATION_COMMENTS = YES;
				CLANG_WARN_EMPTY_BODY = YES;
				CLANG_WARN_ENUM_CONVERSION = YES;
				CLANG_WARN_INFINITE_RECURSION = YES;
				CLANG_WARN_INT_CONVERSION = YES;
				CLANG_WARN_NON_LITERAL_NULL_CONVERSION = YES;
				CLANG_WARN_OBJC_IMPLICIT_RETAIN_SELF = YES;
				CLANG_WARN_OBJC_LITERAL_CONVERSION = YES;
				CLANG_WARN_OBJC_ROOT_CLASS = YES_ERROR;
				CLANG_WARN_QUOTED_INCLUDE_IN_FRAMEWORK_HEADER = YES;
				CLANG_WARN_RANGE_LOOP_ANALYSIS = YES;
				CLANG_WARN_STRICT_PROTOTYPES = YES;
				CLANG_WARN_SUSPICIOUS_MOVE = YES;
				CLANG_WARN_UNGUARDED_AVAILABILITY = YES_AGGRESSIVE;
				CLANG_WARN_UNREACHABLE_CODE = YES;
				CLANG_WARN__DUPLICATE_METHOD_MATCH = YES;
				COPY_PHASE_STRIP = NO;
				DEBUG_INFORMATION_FORMAT = "dwarf-with-dsym";
				ENABLE_NS_ASSERTIONS = NO;
				ENABLE_STRICT_OBJC_MSGSEND = YES;
				GCC_C_LANGUAGE_STANDARD = gnu11;
				GCC_NO_COMMON_BLOCKS = YES;
				GCC_WARN_64_TO_32_BIT_CONVERSION = YES;
				GCC_WARN_ABOUT_RETURN_TYPE = YES_ERROR;
				GCC_WARN_UNDECLARED_SELECTOR = YES;
				GCC_WARN_UNINITIALIZED_AUTOS = YES_AGGRESSIVE;
				GCC_WARN_UNUSED_FUNCTION = YES;
				GCC_WARN_UNUSED_VARIABLE = YES;
				IPHONEOS_DEPLOYMENT_TARGET = 16.4;
				MTL_ENABLE_DEBUG_INFO = NO;
				MTL_FAST_MATH = YES;
				SDKROOT = iphoneos;
				SWIFT_COMPILATION_MODE = wholemodule;
				SWIFT_OPTIMIZATION_LEVEL = "-O";
				VALIDATE_PRODUCT = YES;
			};
			name = Release;
		};
		F48AA2662A61D730003F7BDE /* Debug */ = {
			isa = XCBuildConfiguration;
			buildSettings = {
				ASSETCATALOG_COMPILER_APPICON_NAME = AppIcon;
				ASSETCATALOG_COMPILER_GLOBAL_ACCENT_COLOR_NAME = AccentColor;
				CODE_SIGN_STYLE = Automatic;
				CURRENT_PROJECT_VERSION = 1;
				DEVELOPMENT_ASSET_PATHS = "\"All-in/Preview Content\"";
				DEVELOPMENT_TEAM = Q8Z68DCN99;
				ENABLE_PREVIEWS = YES;
				GENERATE_INFOPLIST_FILE = YES;
				INFOPLIST_FILE = "All-in/Info.plist";
				INFOPLIST_KEY_UIApplicationSceneManifest_Generation = YES;
				INFOPLIST_KEY_UIApplicationSupportsIndirectInputEvents = YES;
				INFOPLIST_KEY_UILaunchScreen_Generation = YES;
				INFOPLIST_KEY_UISupportedInterfaceOrientations_iPad = "UIInterfaceOrientationPortrait UIInterfaceOrientationPortraitUpsideDown UIInterfaceOrientationLandscapeLeft UIInterfaceOrientationLandscapeRight";
				INFOPLIST_KEY_UISupportedInterfaceOrientations_iPhone = "UIInterfaceOrientationPortrait UIInterfaceOrientationLandscapeLeft UIInterfaceOrientationLandscapeRight";
				LD_RUNPATH_SEARCH_PATHS = (
					"$(inherited)",
					"@executable_path/Frameworks",
				);
				MARKETING_VERSION = 1.0;
				PRODUCT_BUNDLE_IDENTIFIER = "com.danalvescc.All-in";
				PRODUCT_NAME = "$(TARGET_NAME)";
				SWIFT_EMIT_LOC_STRINGS = YES;
				SWIFT_VERSION = 5.0;
				TARGETED_DEVICE_FAMILY = "1,2";
			};
			name = Debug;
		};
		F48AA2672A61D730003F7BDE /* Release */ = {
			isa = XCBuildConfiguration;
			buildSettings = {
				ASSETCATALOG_COMPILER_APPICON_NAME = AppIcon;
				ASSETCATALOG_COMPILER_GLOBAL_ACCENT_COLOR_NAME = AccentColor;
				CODE_SIGN_STYLE = Automatic;
				CURRENT_PROJECT_VERSION = 1;
				DEVELOPMENT_ASSET_PATHS = "\"All-in/Preview Content\"";
				DEVELOPMENT_TEAM = Q8Z68DCN99;
				ENABLE_PREVIEWS = YES;
				GENERATE_INFOPLIST_FILE = YES;
				INFOPLIST_FILE = "All-in/Info.plist";
				INFOPLIST_KEY_UIApplicationSceneManifest_Generation = YES;
				INFOPLIST_KEY_UIApplicationSupportsIndirectInputEvents = YES;
				INFOPLIST_KEY_UILaunchScreen_Generation = YES;
				INFOPLIST_KEY_UISupportedInterfaceOrientations_iPad = "UIInterfaceOrientationPortrait UIInterfaceOrientationPortraitUpsideDown UIInterfaceOrientationLandscapeLeft UIInterfaceOrientationLandscapeRight";
				INFOPLIST_KEY_UISupportedInterfaceOrientations_iPhone = "UIInterfaceOrientationPortrait UIInterfaceOrientationLandscapeLeft UIInterfaceOrientationLandscapeRight";
				LD_RUNPATH_SEARCH_PATHS = (
					"$(inherited)",
					"@executable_path/Frameworks",
				);
				MARKETING_VERSION = 1.0;
				PRODUCT_BUNDLE_IDENTIFIER = "com.danalvescc.All-in";
				PRODUCT_NAME = "$(TARGET_NAME)";
				SWIFT_EMIT_LOC_STRINGS = YES;
				SWIFT_VERSION = 5.0;
				TARGETED_DEVICE_FAMILY = "1,2";
			};
			name = Release;
		};
/* End XCBuildConfiguration section */

/* Begin XCConfigurationList section */
		F48AA2522A61D72E003F7BDE /* Build configuration list for PBXProject "All-in" */ = {
			isa = XCConfigurationList;
			buildConfigurations = (
				F48AA2632A61D730003F7BDE /* Debug */,
				F48AA2642A61D730003F7BDE /* Release */,
			);
			defaultConfigurationIsVisible = 0;
			defaultConfigurationName = Release;
		};
		F48AA2652A61D730003F7BDE /* Build configuration list for PBXNativeTarget "All-in" */ = {
			isa = XCConfigurationList;
			buildConfigurations = (
				F48AA2662A61D730003F7BDE /* Debug */,
				F48AA2672A61D730003F7BDE /* Release */,
			);
			defaultConfigurationIsVisible = 0;
			defaultConfigurationName = Release;
		};
/* End XCConfigurationList section */

/* Begin XCRemoteSwiftPackageReference section */
		F492A1DE2A6F1A3B001D826D /* XCRemoteSwiftPackageReference "SimpleToast" */ = {
			isa = XCRemoteSwiftPackageReference;
			repositoryURL = "https://github.com/sanzaru/SimpleToast";
			requirement = {
				kind = upToNextMajorVersion;
				minimumVersion = 0.7.2;
			};
		};
/* End XCRemoteSwiftPackageReference section */

/* Begin XCSwiftPackageProductDependency section */
		F492A1DF2A6F1A3B001D826D /* SimpleToast */ = {
			isa = XCSwiftPackageProductDependency;
			package = F492A1DE2A6F1A3B001D826D /* XCRemoteSwiftPackageReference "SimpleToast" */;
			productName = SimpleToast;
		};
/* End XCSwiftPackageProductDependency section */
	};
	rootObject = F48AA24F2A61D72E003F7BDE /* Project object */;
}
